
Microsoft Visual Studio Solution File, Format Version 12.00
# Visual Studio Version 16
VisualStudioVersion = 16.0.32407.337
MinimumVisualStudioVersion = 10.0.40219.1
Project("{C9674DCB-5085-4A16-B785-4C70DD1589BD}") = "tiki", "tiki\tiki.dtproj", "{1129716C-96B2-4265-913A-5A4A335BC925}"
EndProject
Global
	GlobalSection(SolutionConfigurationPlatforms) = preSolution
		Development|Default = Development|Default
	EndGlobalSection
	GlobalSection(ProjectConfigurationPlatforms) = postSolution
		{1129716C-96B2-4265-913A-5A4A335BC925}.Development|Default.ActiveCfg = Development
		{1129716C-96B2-4265-913A-5A4A335BC925}.Development|Default.Build.0 = Development
	EndGlobalSection
	GlobalSection(SolutionProperties) = preSolution
		HideSolutionNode = FALSE
	EndGlobalSection
	GlobalSection(ExtensibilityGlobals) = postSolution
		SolutionGuid = {33B85EE7-82FD-43BD-B458-A19C3180A0A3}
	EndGlobalSection
EndGlobal
